// !$*UTF8*$!
{
	archiveVersion = 1;
	classes = {
	};
	objectVersion = 77;
	objects = {

/* Begin PBXBuildFile section */
		F6598ECA2D2C193200EB3A53 /* Preview Assets.xcassets in Resources */ = {isa = PBXBuildFile; fileRef = F6598EC42D2C193200EB3A53 /* Preview Assets.xcassets */; };
		F6598ECB2D2C193200EB3A53 /* Assets.xcassets in Resources */ = {isa = PBXBuildFile; fileRef = F6598EC62D2C193200EB3A53 /* Assets.xcassets */; };
		F6598ECC2D2C193200EB3A53 /* Canadian_SportApp.swift in Sources */ = {isa = PBXBuildFile; fileRef = F6598EC72D2C193200EB3A53 /* Canadian_SportApp.swift */; };
		F6598ECD2D2C193200EB3A53 /* ContentView.swift in Sources */ = {isa = PBXBuildFile; fileRef = F6598EC82D2C193200EB3A53 /* ContentView.swift */; };
		F6598EDF2D2C19CE00EB3A53 /* TrainingViewWinerSport.swift in Sources */ = {isa = PBXBuildFile; fileRef = F6598EDB2D2C19CE00EB3A53 /* TrainingViewWinerSport.swift */; };
		F6598EE02D2C19CE00EB3A53 /* WebView.swift in Sources */ = {isa = PBXBuildFile; fileRef = F6598ED12D2C19CE00EB3A53 /* WebView.swift */; };
		F6598EE12D2C19CE00EB3A53 /* LoadingViewWinerSport.swift in Sources */ = {isa = PBXBuildFile; fileRef = F6598ECE2D2C19CE00EB3A53 /* LoadingViewWinerSport.swift */; };
		F6598EE22D2C19CE00EB3A53 /* HomeViewWinerSport.swift in Sources */ = {isa = PBXBuildFile; fileRef = F6598EDE2D2C19CE00EB3A53 /* HomeViewWinerSport.swift */; };
		F6598EE32D2C19CE00EB3A53 /* ImagePickerWinerSport.swift in Sources */ = {isa = PBXBuildFile; fileRef = F6598ED82D2C19CE00EB3A53 /* ImagePickerWinerSport.swift */; };
		F6598EE42D2C19CE00EB3A53 /* DopomogaWinerSport.swift in Sources */ = {isa = PBXBuildFile; fileRef = F6598ED52D2C19CE00EB3A53 /* DopomogaWinerSport.swift */; };
		F6598EE52D2C19CE00EB3A53 /* QuotesViewWinerSport.swift in Sources */ = {isa = PBXBuildFile; fileRef = F6598ED42D2C19CE00EB3A53 /* QuotesViewWinerSport.swift */; };
		F6598EE62D2C19CE00EB3A53 /* ProfileViewWinerSport.swift in Sources */ = {isa = PBXBuildFile; fileRef = F6598ED92D2C19CE00EB3A53 /* ProfileViewWinerSport.swift */; };
		F6598EE72D2C19CE00EB3A53 /* DayliStrerchViewWinerSport.swift in Sources */ = {isa = PBXBuildFile; fileRef = F6598ED62D2C19CE00EB3A53 /* DayliStrerchViewWinerSport.swift */; };
		F6598EE82D2C19CE00EB3A53 /* PrivacyViewWinerSport.swift in Sources */ = {isa = PBXBuildFile; fileRef = F6598ED02D2C19CE00EB3A53 /* PrivacyViewWinerSport.swift */; };
		F6598EE92D2C19CE00EB3A53 /* KcalViewWinerSport.swift in Sources */ = {isa = PBXBuildFile; fileRef = F6598ED72D2C19CE00EB3A53 /* KcalViewWinerSport.swift */; };
		F6598EEA2D2C19CE00EB3A53 /* OnboardingViewWinerSport.swift in Sources */ = {isa = PBXBuildFile; fileRef = F6598ED32D2C19CE00EB3A53 /* OnboardingViewWinerSport.swift */; };
		F6598EEB2D2C19CE00EB3A53 /* privacy.html in Resources */ = {isa = PBXBuildFile; fileRef = F6598ECF2D2C19CE00EB3A53 /* privacy.html */; };
		F6598EEC2D2C19CE00EB3A53 /* sport.xcassets in Resources */ = {isa = PBXBuildFile; fileRef = F6598EDC2D2C19CE00EB3A53 /* sport.xcassets */; };
/* End PBXBuildFile section */

/* Begin PBXFileReference section */
		F6598EB32D2C192E00EB3A53 /* Canadian Sport.app */ = {isa = PBXFileReference; explicitFileType = wrapper.application; includeInIndex = 0; path = "Canadian Sport.app"; sourceTree = BUILT_PRODUCTS_DIR; };
		F6598EC42D2C193200EB3A53 /* Preview Assets.xcassets */ = {isa = PBXFileReference; lastKnownFileType = folder.assetcatalog; path = "Preview Assets.xcassets"; sourceTree = "<group>"; };
		F6598EC62D2C193200EB3A53 /* Assets.xcassets */ = {isa = PBXFileReference; lastKnownFileType = folder.assetcatalog; path = Assets.xcassets; sourceTree = "<group>"; };
		F6598EC72D2C193200EB3A53 /* Canadian_SportApp.swift */ = {isa = PBXFileReference; lastKnownFileType = sourcecode.swift; path = Canadian_SportApp.swift; sourceTree = "<group>"; };
		F6598EC82D2C193200EB3A53 /* ContentView.swift */ = {isa = PBXFileReference; lastKnownFileType = sourcecode.swift; path = ContentView.swift; sourceTree = "<group>"; };
		F6598ECE2D2C19CE00EB3A53 /* LoadingViewWinerSport.swift */ = {isa = PBXFileReference; lastKnownFileType = sourcecode.swift; path = LoadingViewWinerSport.swift; sourceTree = "<group>"; };
		F6598ECF2D2C19CE00EB3A53 /* privacy.html */ = {isa = PBXFileReference; lastKnownFileType = text.html; path = privacy.html; sourceTree = "<group>"; };
		F6598ED02D2C19CE00EB3A53 /* PrivacyViewWinerSport.swift */ = {isa = PBXFileReference; lastKnownFileType = sourcecode.swift; path = PrivacyViewWinerSport.swift; sourceTree = "<group>"; };
		F6598ED12D2C19CE00EB3A53 /* WebView.swift */ = {isa = PBXFileReference; lastKnownFileType = sourcecode.swift; path = WebView.swift; sourceTree = "<group>"; };
		F6598ED32D2C19CE00EB3A53 /* OnboardingViewWinerSport.swift */ = {isa = PBXFileReference; lastKnownFileType = sourcecode.swift; path = OnboardingViewWinerSport.swift; sourceTree = "<group>"; };
		F6598ED42D2C19CE00EB3A53 /* QuotesViewWinerSport.swift */ = {isa = PBXFileReference; lastKnownFileType = sourcecode.swift; path = QuotesViewWinerSport.swift; sourceTree = "<group>"; };
		F6598ED52D2C19CE00EB3A53 /* DopomogaWinerSport.swift */ = {isa = PBXFileReference; lastKnownFileType = sourcecode.swift; path = DopomogaWinerSport.swift; sourceTree = "<group>"; };
		F6598ED62D2C19CE00EB3A53 /* DayliStrerchViewWinerSport.swift */ = {isa = PBXFileReference; lastKnownFileType = sourcecode.swift; path = DayliStrerchViewWinerSport.swift; sourceTree = "<group>"; };
		F6598ED72D2C19CE00EB3A53 /* KcalViewWinerSport.swift */ = {isa = PBXFileReference; lastKnownFileType = sourcecode.swift; path = KcalViewWinerSport.swift; sourceTree = "<group>"; };
		F6598ED82D2C19CE00EB3A53 /* ImagePickerWinerSport.swift */ = {isa = PBXFileReference; lastKnownFileType = sourcecode.swift; path = ImagePickerWinerSport.swift; sourceTree = "<group>"; };
		F6598ED92D2C19CE00EB3A53 /* ProfileViewWinerSport.swift */ = {isa = PBXFileReference; lastKnownFileType = sourcecode.swift; path = ProfileViewWinerSport.swift; sourceTree = "<group>"; };
		F6598EDB2D2C19CE00EB3A53 /* TrainingViewWinerSport.swift */ = {isa = PBXFileReference; lastKnownFileType = sourcecode.swift; path = TrainingViewWinerSport.swift; sourceTree = "<group>"; };
		F6598EDC2D2C19CE00EB3A53 /* sport.xcassets */ = {isa = PBXFileReference; lastKnownFileType = folder.assetcatalog; path = sport.xcassets; sourceTree = "<group>"; };
		F6598EDE2D2C19CE00EB3A53 /* HomeViewWinerSport.swift */ = {isa = PBXFileReference; lastKnownFileType = sourcecode.swift; path = HomeViewWinerSport.swift; sourceTree = "<group>"; };
/* End PBXFileReference section */

/* Begin PBXFrameworksBuildPhase section */
		F6598EB02D2C192E00EB3A53 /* Frameworks */ = {
			isa = PBXFrameworksBuildPhase;
			buildActionMask = 2147483647;
			files = (
			);
			runOnlyForDeploymentPostprocessing = 0;
		};
/* End PBXFrameworksBuildPhase section */

/* Begin PBXGroup section */
		F6598EAA2D2C192E00EB3A53 = {
			isa = PBXGroup;
			children = (
				F6598EC92D2C193200EB3A53 /* Canadian Sport */,
				F6598EB42D2C192E00EB3A53 /* Products */,
			);
			sourceTree = "<group>";
		};
		F6598EB42D2C192E00EB3A53 /* Products */ = {
			isa = PBXGroup;
			children = (
				F6598EB32D2C192E00EB3A53 /* Canadian Sport.app */,
			);
			name = Products;
			sourceTree = "<group>";
		};
		F6598EC52D2C193200EB3A53 /* Preview Content */ = {
			isa = PBXGroup;
			children = (
				F6598EC42D2C193200EB3A53 /* Preview Assets.xcassets */,
			);
			path = "Preview Content";
			sourceTree = "<group>";
		};
		F6598EC92D2C193200EB3A53 /* Canadian Sport */ = {
			isa = PBXGroup;
			children = (
				F6598EC72D2C193200EB3A53 /* Canadian_SportApp.swift */,
				F6598EC82D2C193200EB3A53 /* ContentView.swift */,
				F6598ED22D2C19CE00EB3A53 /* Loading G */,
				F6598ED32D2C19CE00EB3A53 /* OnboardingViewWinerSport.swift */,
				F6598ED42D2C19CE00EB3A53 /* QuotesViewWinerSport.swift */,
				F6598ED52D2C19CE00EB3A53 /* DopomogaWinerSport.swift */,
				F6598ED62D2C19CE00EB3A53 /* DayliStrerchViewWinerSport.swift */,
				F6598ED72D2C19CE00EB3A53 /* KcalViewWinerSport.swift */,
				F6598EDA2D2C19CE00EB3A53 /* ProfileWinerSport */,
				F6598EDD2D2C19CE00EB3A53 /* TreshaWinerSport */,
				F6598EDE2D2C19CE00EB3A53 /* HomeViewWinerSport.swift */,
				F6598EC62D2C193200EB3A53 /* Assets.xcassets */,
				F6598EC52D2C193200EB3A53 /* Preview Content */,
			);
			path = "Canadian Sport";
			sourceTree = "<group>";
		};
		F6598ED22D2C19CE00EB3A53 /* Loading G */ = {
			isa = PBXGroup;
			children = (
				F6598ECE2D2C19CE00EB3A53 /* LoadingViewWinerSport.swift */,
				F6598ECF2D2C19CE00EB3A53 /* privacy.html */,
				F6598ED02D2C19CE00EB3A53 /* PrivacyViewWinerSport.swift */,
				F6598ED12D2C19CE00EB3A53 /* WebView.swift */,
			);
			path = "Loading G";
			sourceTree = "<group>";
		};
		F6598EDA2D2C19CE00EB3A53 /* ProfileWinerSport */ = {
			isa = PBXGroup;
			children = (
				F6598ED82D2C19CE00EB3A53 /* ImagePickerWinerSport.swift */,
				F6598ED92D2C19CE00EB3A53 /* ProfileViewWinerSport.swift */,
			);
			path = ProfileWinerSport;
			sourceTree = "<group>";
		};
		F6598EDD2D2C19CE00EB3A53 /* TreshaWinerSport */ = {
			isa = PBXGroup;
			children = (
				F6598EDB2D2C19CE00EB3A53 /* TrainingViewWinerSport.swift */,
				F6598EDC2D2C19CE00EB3A53 /* sport.xcassets */,
			);
			path = TreshaWinerSport;
			sourceTree = "<group>";
		};
/* End PBXGroup section */

/* Begin PBXNativeTarget section */
		F6598EB22D2C192E00EB3A53 /* Canadian Sport */ = {
			isa = PBXNativeTarget;
			buildConfigurationList = F6598EC12D2C192F00EB3A53 /* Build configuration list for PBXNativeTarget "Canadian Sport" */;
			buildPhases = (
				F6598EAF2D2C192E00EB3A53 /* Sources */,
				F6598EB02D2C192E00EB3A53 /* Frameworks */,
				F6598EB12D2C192E00EB3A53 /* Resources */,
			);
			buildRules = (
			);
			dependencies = (
			);
			name = "Canadian Sport";
			packageProductDependencies = (
			);
			productName = "Canadian Sport";
			productReference = F6598EB32D2C192E00EB3A53 /* Canadian Sport.app */;
			productType = "com.apple.product-type.application";
		};
/* End PBXNativeTarget section */

/* Begin PBXProject section */
		F6598EAB2D2C192E00EB3A53 /* Project object */ = {
			isa = PBXProject;
			attributes = {
				BuildIndependentTargetsInParallel = 1;
				LastSwiftUpdateCheck = 1600;
				LastUpgradeCheck = 1600;
				TargetAttributes = {
					F6598EB22D2C192E00EB3A53 = {
						CreatedOnToolsVersion = 16.0;
					};
				};
			};
			buildConfigurationList = F6598EAE2D2C192E00EB3A53 /* Build configuration list for PBXProject "Canadian Sport" */;
			developmentRegion = en;
			hasScannedForEncodings = 0;
			knownRegions = (
				en,
				Base,
			);
			mainGroup = F6598EAA2D2C192E00EB3A53;
			minimizedProjectReferenceProxies = 1;
			preferredProjectObjectVersion = 77;
			productRefGroup = F6598EB42D2C192E00EB3A53 /* Products */;
			projectDirPath = "";
			projectRoot = "";
			targets = (
				F6598EB22D2C192E00EB3A53 /* Canadian Sport */,
			);
		};
/* End PBXProject section */

/* Begin PBXResourcesBuildPhase section */
		F6598EB12D2C192E00EB3A53 /* Resources */ = {
			isa = PBXResourcesBuildPhase;
			buildActionMask = 2147483647;
			files = (
				F6598ECA2D2C193200EB3A53 /* Preview Assets.xcassets in Resources */,
				F6598EEB2D2C19CE00EB3A53 /* privacy.html in Resources */,
				F6598EEC2D2C19CE00EB3A53 /* sport.xcassets in Resources */,
				F6598ECB2D2C193200EB3A53 /* Assets.xcassets in Resources */,
			);
			runOnlyForDeploymentPostprocessing = 0;
		};
/* End PBXResourcesBuildPhase section */

/* Begin PBXSourcesBuildPhase section */
		F6598EAF2D2C192E00EB3A53 /* Sources */ = {
			isa = PBXSourcesBuildPhase;
			buildActionMask = 2147483647;
			files = (
				F6598ECC2D2C193200EB3A53 /* Canadian_SportApp.swift in Sources */,
				F6598EDF2D2C19CE00EB3A53 /* TrainingViewWinerSport.swift in Sources */,
				F6598EE02D2C19CE00EB3A53 /* WebView.swift in Sources */,
				F6598EE12D2C19CE00EB3A53 /* LoadingViewWinerSport.swift in Sources */,
				F6598EE22D2C19CE00EB3A53 /* HomeViewWinerSport.swift in Sources */,
				F6598EE32D2C19CE00EB3A53 /* ImagePickerWinerSport.swift in Sources */,
				F6598EE42D2C19CE00EB3A53 /* DopomogaWinerSport.swift in Sources */,
				F6598EE52D2C19CE00EB3A53 /* QuotesViewWinerSport.swift in Sources */,
				F6598EE62D2C19CE00EB3A53 /* ProfileViewWinerSport.swift in Sources */,
				F6598EE72D2C19CE00EB3A53 /* DayliStrerchViewWinerSport.swift in Sources */,
				F6598EE82D2C19CE00EB3A53 /* PrivacyViewWinerSport.swift in Sources */,
				F6598EE92D2C19CE00EB3A53 /* KcalViewWinerSport.swift in Sources */,
				F6598EEA2D2C19CE00EB3A53 /* OnboardingViewWinerSport.swift in Sources */,
				F6598ECD2D2C193200EB3A53 /* ContentView.swift in Sources */,
			);
			runOnlyForDeploymentPostprocessing = 0;
		};
/* End PBXSourcesBuildPhase section */

/* Begin XCBuildConfiguration section */
		F6598EBF2D2C192F00EB3A53 /* Debug */ = {
			isa = XCBuildConfiguration;
			buildSettings = {
				ALWAYS_SEARCH_USER_PATHS = NO;
				ASSETCATALOG_COMPILER_GENERATE_SWIFT_ASSET_SYMBOL_EXTENSIONS = YES;
				CLANG_ANALYZER_NONNULL = YES;
				CLANG_ANALYZER_NUMBER_OBJECT_CONVERSION = YES_AGGRESSIVE;
				CLANG_CXX_LANGUAGE_STANDARD = "gnu++20";
				CLANG_ENABLE_MODULES = YES;
				CLANG_ENABLE_OBJC_ARC = YES;
				CLANG_ENABLE_OBJC_WEAK = YES;
				CLANG_WARN_BLOCK_CAPTURE_AUTORELEASING = YES;
				CLANG_WARN_BOOL_CONVERSION = YES;
				CLANG_WARN_COMMA = YES;
				CLANG_WARN_CONSTANT_CONVERSION = YES;
				CLANG_WARN_DEPRECATED_OBJC_IMPLEMENTATIONS = YES;
				CLANG_WARN_DIRECT_OBJC_ISA_USAGE = YES_ERROR;
				CLANG_WARN_DOCUMENTATION_COMMENTS = YES;
				CLANG_WARN_EMPTY_BODY = YES;
				CLANG_WARN_ENUM_CONVERSION = YES;
				CLANG_WARN_INFINITE_RECURSION = YES;
				CLANG_WARN_INT_CONVERSION = YES;
				CLANG_WARN_NON_LITERAL_NULL_CONVERSION = YES;
				CLANG_WARN_OBJC_IMPLICIT_RETAIN_SELF = YES;
				CLANG_WARN_OBJC_LITERAL_CONVERSION = YES;
				CLANG_WARN_OBJC_ROOT_CLASS = YES_ERROR;
				CLANG_WARN_QUOTED_INCLUDE_IN_FRAMEWORK_HEADER = YES;
				CLANG_WARN_RANGE_LOOP_ANALYSIS = YES;
				CLANG_WARN_STRICT_PROTOTYPES = YES;
				CLANG_WARN_SUSPICIOUS_MOVE = YES;
				CLANG_WARN_UNGUARDED_AVAILABILITY = YES_AGGRESSIVE;
				CLANG_WARN_UNREACHABLE_CODE = YES;
				CLANG_WARN__DUPLICATE_METHOD_MATCH = YES;
				COPY_PHASE_STRIP = NO;
				DEBUG_INFORMATION_FORMAT = dwarf;
				ENABLE_STRICT_OBJC_MSGSEND = YES;
				ENABLE_TESTABILITY = YES;
				ENABLE_USER_SCRIPT_SANDBOXING = YES;
				GCC_C_LANGUAGE_STANDARD = gnu17;
				GCC_DYNAMIC_NO_PIC = NO;
				GCC_NO_COMMON_BLOCKS = YES;
				GCC_OPTIMIZATION_LEVEL = 0;
				GCC_PREPROCESSOR_DEFINITIONS = (
					"DEBUG=1",
					"$(inherited)",
				);
				GCC_WARN_64_TO_32_BIT_CONVERSION = YES;
				GCC_WARN_ABOUT_RETURN_TYPE = YES_ERROR;
				GCC_WARN_UNDECLARED_SELECTOR = YES;
				GCC_WARN_UNINITIALIZED_AUTOS = YES_AGGRESSIVE;
				GCC_WARN_UNUSED_FUNCTION = YES;
				GCC_WARN_UNUSED_VARIABLE = YES;
				IPHONEOS_DEPLOYMENT_TARGET = 18.0;
				LOCALIZATION_PREFERS_STRING_CATALOGS = YES;
				MTL_ENABLE_DEBUG_INFO = INCLUDE_SOURCE;
				MTL_FAST_MATH = YES;
				ONLY_ACTIVE_ARCH = YES;
				SDKROOT = iphoneos;
				SWIFT_ACTIVE_COMPILATION_CONDITIONS = "DEBUG $(inherited)";
				SWIFT_OPTIMIZATION_LEVEL = "-Onone";
			};
			name = Debug;
		};
		F6598EC02D2C192F00EB3A53 /* Release */ = {
			isa = XCBuildConfiguration;
			buildSettings = {
				ALWAYS_SEARCH_USER_PATHS = NO;
				ASSETCATALOG_COMPILER_GENERATE_SWIFT_ASSET_SYMBOL_EXTENSIONS = YES;
				CLANG_ANALYZER_NONNULL = YES;
				CLANG_ANALYZER_NUMBER_OBJECT_CONVERSION = YES_AGGRESSIVE;
				CLANG_CXX_LANGUAGE_STANDARD = "gnu++20";
				CLANG_ENABLE_MODULES = YES;
				CLANG_ENABLE_OBJC_ARC = YES;
				CLANG_ENABLE_OBJC_WEAK = YES;
				CLANG_WARN_BLOCK_CAPTURE_AUTORELEASING = YES;
				CLANG_WARN_BOOL_CONVERSION = YES;
				CLANG_WARN_COMMA = YES;
				CLANG_WARN_CONSTANT_CONVERSION = YES;
				CLANG_WARN_DEPRECATED_OBJC_IMPLEMENTATIONS = YES;
				CLANG_WARN_DIRECT_OBJC_ISA_USAGE = YES_ERROR;
				CLANG_WARN_DOCUMENTATION_COMMENTS = YES;
				CLANG_WARN_EMPTY_BODY = YES;
				CLANG_WARN_ENUM_CONVERSION = YES;
				CLANG_WARN_INFINITE_RECURSION = YES;
				CLANG_WARN_INT_CONVERSION = YES;
				CLANG_WARN_NON_LITERAL_NULL_CONVERSION = YES;
				CLANG_WARN_OBJC_IMPLICIT_RETAIN_SELF = YES;
				CLANG_WARN_OBJC_LITERAL_CONVERSION = YES;
				CLANG_WARN_OBJC_ROOT_CLASS = YES_ERROR;
				CLANG_WARN_QUOTED_INCLUDE_IN_FRAMEWORK_HEADER = YES;
				CLANG_WARN_RANGE_LOOP_ANALYSIS = YES;
				CLANG_WARN_STRICT_PROTOTYPES = YES;
				CLANG_WARN_SUSPICIOUS_MOVE = YES;
				CLANG_WARN_UNGUARDED_AVAILABILITY = YES_AGGRESSIVE;
				CLANG_WARN_UNREACHABLE_CODE = YES;
				CLANG_WARN__DUPLICATE_METHOD_MATCH = YES;
				COPY_PHASE_STRIP = NO;
				DEBUG_INFORMATION_FORMAT = "dwarf-with-dsym";
				ENABLE_NS_ASSERTIONS = NO;
				ENABLE_STRICT_OBJC_MSGSEND = YES;
				ENABLE_USER_SCRIPT_SANDBOXING = YES;
				GCC_C_LANGUAGE_STANDARD = gnu17;
				GCC_NO_COMMON_BLOCKS = YES;
				GCC_WARN_64_TO_32_BIT_CONVERSION = YES;
				GCC_WARN_ABOUT_RETURN_TYPE = YES_ERROR;
				GCC_WARN_UNDECLARED_SELECTOR = YES;
				GCC_WARN_UNINITIALIZED_AUTOS = YES_AGGRESSIVE;
				GCC_WARN_UNUSED_FUNCTION = YES;
				GCC_WARN_UNUSED_VARIABLE = YES;
				IPHONEOS_DEPLOYMENT_TARGET = 18.0;
				LOCALIZATION_PREFERS_STRING_CATALOGS = YES;
				MTL_ENABLE_DEBUG_INFO = NO;
				MTL_FAST_MATH = YES;
				SDKROOT = iphoneos;
				SWIFT_COMPILATION_MODE = wholemodule;
				VALIDATE_PRODUCT = YES;
			};
			name = Release;
		};
		F6598EC22D2C192F00EB3A53 /* Debug */ = {
			isa = XCBuildConfiguration;
			buildSettings = {
				ASSETCATALOG_COMPILER_APPICON_NAME = AppIcon;
				ASSETCATALOG_COMPILER_GLOBAL_ACCENT_COLOR_NAME = AccentColor;
				CODE_SIGN_STYLE = Automatic;
				CURRENT_PROJECT_VERSION = 1;
				DEVELOPMENT_ASSET_PATHS = "\"Canadian Sport/Preview Content\"";
				DEVELOPMENT_TEAM = FWVBV65566;
				ENABLE_PREVIEWS = YES;
				GENERATE_INFOPLIST_FILE = YES;
				INFOPLIST_KEY_CFBundleDisplayName = "Canadian Sport";
				INFOPLIST_KEY_NSCameraUsageDescription = "We need access to the camera to set your profile picture.";
				INFOPLIST_KEY_UIApplicationSceneManifest_Generation = YES;
				INFOPLIST_KEY_UIApplicationSupportsIndirectInputEvents = YES;
				INFOPLIST_KEY_UILaunchScreen_Generation = YES;
				INFOPLIST_KEY_UISupportedInterfaceOrientations_iPad = "UIInterfaceOrientationPortrait UIInterfaceOrientationPortraitUpsideDown UIInterfaceOrientationLandscapeLeft UIInterfaceOrientationLandscapeRight";
				INFOPLIST_KEY_UISupportedInterfaceOrientations_iPhone = "UIInterfaceOrientationPortrait UIInterfaceOrientationLandscapeLeft UIInterfaceOrientationLandscapeRight";
				IPHONEOS_DEPLOYMENT_TARGET = 16.0;
				LD_RUNPATH_SEARCH_PATHS = (
					"$(inherited)",
					"@executable_path/Frameworks",
				);
				MARKETING_VERSION = 1.0;
				PRODUCT_BUNDLE_IDENTIFIER = testleschenko;
				PRODUCT_NAME = "$(TARGET_NAME)";
				SUPPORTED_PLATFORMS = "iphoneos iphonesimulator";
				SUPPORTS_MACCATALYST = NO;
				SUPPORTS_MAC_DESIGNED_FOR_IPHONE_IPAD = NO;
				SUPPORTS_XR_DESIGNED_FOR_IPHONE_IPAD = NO;
				SWIFT_EMIT_LOC_STRINGS = YES;
				SWIFT_VERSION = 5.0;
				TARGETED_DEVICE_FAMILY = 1;
			};
			name = Debug;
		};
		F6598EC32D2C192F00EB3A53 /* Release */ = {
			isa = XCBuildConfiguration;
			buildSettings = {
				ASSETCATALOG_COMPILER_APPICON_NAME = AppIcon;
				ASSETCATALOG_COMPILER_GLOBAL_ACCENT_COLOR_NAME = AccentColor;
				CODE_SIGN_STYLE = Automatic;
				CURRENT_PROJECT_VERSION = 1;
				DEVELOPMENT_ASSET_PATHS = "\"Canadian Sport/Preview Content\"";
				DEVELOPMENT_TEAM = FWVBV65566;
				ENABLE_PREVIEWS = YES;
				GENERATE_INFOPLIST_FILE = YES;
				INFOPLIST_KEY_CFBundleDisplayName = "Canadian Sport";
				INFOPLIST_KEY_NSCameraUsageDescription = "We need access to the camera to set your profile picture.";
				INFOPLIST_KEY_UIApplicationSceneManifest_Generation = YES;
				INFOPLIST_KEY_UIApplicationSupportsIndirectInputEvents = YES;
				INFOPLIST_KEY_UILaunchScreen_Generation = YES;
				INFOPLIST_KEY_UISupportedInterfaceOrientations_iPad = "UIInterfaceOrientationPortrait UIInterfaceOrientationPortraitUpsideDown UIInterfaceOrientationLandscapeLeft UIInterfaceOrientationLandscapeRight";
				INFOPLIST_KEY_UISupportedInterfaceOrientations_iPhone = "UIInterfaceOrientationPortrait UIInterfaceOrientationLandscapeLeft UIInterfaceOrientationLandscapeRight";
				IPHONEOS_DEPLOYMENT_TARGET = 16.0;
				LD_RUNPATH_SEARCH_PATHS = (
					"$(inherited)",
					"@executable_path/Frameworks",
				);
				MARKETING_VERSION = 1.0;
				PRODUCT_BUNDLE_IDENTIFIER = testleschenko;
				PRODUCT_NAME = "$(TARGET_NAME)";
				SUPPORTED_PLATFORMS = "iphoneos iphonesimulator";
				SUPPORTS_MACCATALYST = NO;
				SUPPORTS_MAC_DESIGNED_FOR_IPHONE_IPAD = NO;
				SUPPORTS_XR_DESIGNED_FOR_IPHONE_IPAD = NO;
				SWIFT_EMIT_LOC_STRINGS = YES;
				SWIFT_VERSION = 5.0;
				TARGETED_DEVICE_FAMILY = 1;
			};
			name = Release;
		};
/* End XCBuildConfiguration section */

/* Begin XCConfigurationList section */
		F6598EAE2D2C192E00EB3A53 /* Build configuration list for PBXProject "Canadian Sport" */ = {
			isa = XCConfigurationList;
			buildConfigurations = (
				F6598EBF2D2C192F00EB3A53 /* Debug */,
				F6598EC02D2C192F00EB3A53 /* Release */,
			);
			defaultConfigurationIsVisible = 0;
			defaultConfigurationName = Release;
		};
		F6598EC12D2C192F00EB3A53 /* Build configuration list for PBXNativeTarget "Canadian Sport" */ = {
			isa = XCConfigurationList;
			buildConfigurations = (
				F6598EC22D2C192F00EB3A53 /* Debug */,
				F6598EC32D2C192F00EB3A53 /* Release */,
			);
			defaultConfigurationIsVisible = 0;
			defaultConfigurationName = Release;
		};
/* End XCConfigurationList section */
	};
	rootObject = F6598EAB2D2C192E00EB3A53 /* Project object */;
}
